{
  "version": "5",
  "specifiers": {
    "jsr:@std/assert@1": "1.0.19",
    "jsr:@std/internal@^1.0.12": "1.0.14",
    "jsr:@supabase/functions-js@*": "2.117.2"
  },
  "jsr": {
    "@std/assert@1.0.19": {
      "integrity": "eaada96ee120cb980bc47e040f82814d786fe8162ecc53c91d8df60b8755991e",
      "dependencies": [
        "jsr:@std/internal"
      ]
    },
    "@std/internal@1.0.14": {
      "integrity": "291516b3d4c35024d6ffbc0a9df5bf4c64116e05b50012cf846710152d2ffdf7"
    },
    "@supabase/functions-js@2.117.2": {
      "integrity": "add71f09607b7f59af7de7a66a560ccac4fa70cbddb67d8919e536357aaa5dd2"
    }
  },
  "workspace": {
    "packageJson": {
      "dependencies": [
        "npm:@axe-core/cli@^4.13.0",
        "npm:@supabase/supabase-js@^2.117.2",
        "npm:@types/papaparse@^5.5.2",
        "npm:@types/react-dom@^18.3.0",
        "npm:@types/react@^18.3.3",
        "npm:@vitejs/plugin-react@^6.1.1",
        "npm:autoprefixer@^10.6.1",
        "npm:axe-core@^4.13.0",
        "npm:dompurify@^3.4.16",
        "npm:html2canvas@^1.4.1",
        "npm:jsdom@^29.1.1",
        "npm:lucide-react@0.577",
        "npm:papaparse@^5.7.0",
        "npm:postcss@^8.5.28",
        "npm:puppeteer@^24.43.1",
        "npm:react-dom@^18.3.1",
        "npm:react-router-dom@^7.18.4",
        "npm:react@^18.3.1",
        "npm:tailwindcss@^3.3.6",
        "npm:typescript@^5.2.2",
        "npm:vite@^8.3.1",
        "npm:web-vitals@^5.3.0"
      ],
      "overrides": {
        "ws": ">=8.21.0",
        "tmp": ">=0.2.7",
        "axios": ">=1.15.0",
        "form-data": ">=4.0.6",
        "js-yaml": ">=5.4.2",
        "undici": ">=7.28.0"
      }
    }
  }
}
